
Microsoft Visual Studio Solution File, Format Version 12.00
# Visual Studio Version 17
VisualStudioVersion = 17.9.34728.123
MinimumVisualStudioVersion = 10.0.40219.1
Project("{FAE04EC0-301F-11D3-BF4B-00C04F79EFBC}") = "SeleniumPrueba", "SeleniumPrueba\SeleniumPrueba.csproj", "{BFEAE0C1-8E2D-428D-9AED-8595B9031CF8}"
EndProject
Global
	GlobalSection(SolutionConfigurationPlatforms) = preSolution
		Debug|Any CPU = Debug|Any CPU
		Release|Any CPU = Release|Any CPU
	EndGlobalSection
	GlobalSection(ProjectConfigurationPlatforms) = postSolution
		{BFEAE0C1-8E2D-428D-9AED-8595B9031CF8}.Debug|Any CPU.ActiveCfg = Debug|Any CPU
		{BFEAE0C1-8E2D-428D-9AED-8595B9031CF8}.Debug|Any CPU.Build.0 = Debug|Any CPU
		{BFEAE0C1-8E2D-428D-9AED-8595B9031CF8}.Release|Any CPU.ActiveCfg = Release|Any CPU
		{BFEAE0C1-8E2D-428D-9AED-8595B9031CF8}.Release|Any CPU.Build.0 = Release|Any CPU
	EndGlobalSection
	GlobalSection(SolutionProperties) = preSolution
		HideSolutionNode = FALSE
	EndGlobalSection
	GlobalSection(ExtensibilityGlobals) = postSolution
		SolutionGuid = {CEBEA34A-214F-45A5-AA21-D54576BD4AC7}
	EndGlobalSection
EndGlobal
